
Microsoft Visual Studio Solution File, Format Version 12.00
# Visual Studio Version 17
VisualStudioVersion = 17.6.33815.320
MinimumVisualStudioVersion = 10.0.40219.1
Project("{FAE04EC0-301F-11D3-BF4B-00C04F79EFBC}") = "DemoWorkMusin", "DemoWorkMusin.csproj", "{3C125731-953B-46A0-99F6-5CCEDD5FC118}"
EndProject
Global
	GlobalSection(SolutionConfigurationPlatforms) = preSolution
		Debug|Any CPU = Debug|Any CPU
		Release|Any CPU = Release|Any CPU
	EndGlobalSection
	GlobalSection(ProjectConfigurationPlatforms) = postSolution
		{3C125731-953B-46A0-99F6-5CCEDD5FC118}.Debug|Any CPU.ActiveCfg = Debug|Any CPU
		{3C125731-953B-46A0-99F6-5CCEDD5FC118}.Debug|Any CPU.Build.0 = Debug|Any CPU
		{3C125731-953B-46A0-99F6-5CCEDD5FC118}.Release|Any CPU.ActiveCfg = Release|Any CPU
		{3C125731-953B-46A0-99F6-5CCEDD5FC118}.Release|Any CPU.Build.0 = Release|Any CPU
	EndGlobalSection
	GlobalSection(SolutionProperties) = preSolution
		HideSolutionNode = FALSE
	EndGlobalSection
	GlobalSection(ExtensibilityGlobals) = postSolution
		SolutionGuid = {9AB7AEBF-0E1F-4157-AF96-094B11C9EE14}
	EndGlobalSection
EndGlobal
